
Microsoft Visual Studio Solution File, Format Version 12.00
# Visual Studio Version 17
VisualStudioVersion = 17.8.34525.116
MinimumVisualStudioVersion = 10.0.40219.1
Project("{FAE04EC0-301F-11D3-BF4B-00C04F79EFBC}") = "OnlineBookstoreProject", "OnlineBookstoreProject\OnlineBookstoreProject.csproj", "{1FB594E9-B175-49D4-BF58-9A885057B2B7}"
EndProject
Global
	GlobalSection(SolutionConfigurationPlatforms) = preSolution
		Debug|Any CPU = Debug|Any CPU
		Release|Any CPU = Release|Any CPU
	EndGlobalSection
	GlobalSection(ProjectConfigurationPlatforms) = postSolution
		{1FB594E9-B175-49D4-BF58-9A885057B2B7}.Debug|Any CPU.ActiveCfg = Debug|Any CPU
		{1FB594E9-B175-49D4-BF58-9A885057B2B7}.Debug|Any CPU.Build.0 = Debug|Any CPU
		{1FB594E9-B175-49D4-BF58-9A885057B2B7}.Release|Any CPU.ActiveCfg = Release|Any CPU
		{1FB594E9-B175-49D4-BF58-9A885057B2B7}.Release|Any CPU.Build.0 = Release|Any CPU
	EndGlobalSection
	GlobalSection(SolutionProperties) = preSolution
		HideSolutionNode = FALSE
	EndGlobalSection
	GlobalSection(ExtensibilityGlobals) = postSolution
		SolutionGuid = {C0B62332-DA13-4DE9-9D46-4376C4AF8364}
	EndGlobalSection
EndGlobal
