
Microsoft Visual Studio Solution File, Format Version 12.00
# Visual Studio Version 17
VisualStudioVersion = 17.8.34525.116
MinimumVisualStudioVersion = 10.0.40219.1
Project("{FAE04EC0-301F-11D3-BF4B-00C04F79EFBC}") = "PracticeProject", "PracticeProject.csproj", "{31391232-14BA-450A-AC1A-8AFAB420C16E}"
EndProject
Global
	GlobalSection(SolutionConfigurationPlatforms) = preSolution
		Debug|Any CPU = Debug|Any CPU
		Release|Any CPU = Release|Any CPU
	EndGlobalSection
	GlobalSection(ProjectConfigurationPlatforms) = postSolution
		{31391232-14BA-450A-AC1A-8AFAB420C16E}.Debug|Any CPU.ActiveCfg = Debug|Any CPU
		{31391232-14BA-450A-AC1A-8AFAB420C16E}.Debug|Any CPU.Build.0 = Debug|Any CPU
		{31391232-14BA-450A-AC1A-8AFAB420C16E}.Release|Any CPU.ActiveCfg = Release|Any CPU
		{31391232-14BA-450A-AC1A-8AFAB420C16E}.Release|Any CPU.Build.0 = Release|Any CPU
	EndGlobalSection
	GlobalSection(SolutionProperties) = preSolution
		HideSolutionNode = FALSE
	EndGlobalSection
	GlobalSection(ExtensibilityGlobals) = postSolution
		SolutionGuid = {50A9D125-291D-4DCE-9A55-966CD2E12B5B}
	EndGlobalSection
EndGlobal
